PODS:
  - Realm (2.4.3):
    - Realm/Headers (= 2.4.3)
  - Realm/Headers (2.4.3)
  - RealmSwift (2.4.3):
    - Realm (= 2.4.3)
  - RxCocoa (3.2.0):
    - RxSwift (~> 3.1)
  - RxDataSources (1.0.3):
    - RxCocoa (~> 3.0)
    - RxSwift (~> 3.0)
  - RxRealm (0.5.1):
    - RealmSwift (~> 2.2)
    - RxSwift (~> 3.1)
  - RxSwift (3.2.0)
  - SwiftyJSON (3.1.4)

DEPENDENCIES:
  - RealmSwift
  - RxCocoa
  - RxDataSources
  - RxRealm
  - RxSwift
  - SwiftyJSON

SPEC CHECKSUMS:
  Realm: e08d60b0048ccccd3949c8c28a92c4db5712d7e9
  RealmSwift: 30d49739ccb3385d201242736ca4dda56aec9dfc
  RxCocoa: ccdf43101a70407097a29082f648ba1676075b30
  RxDataSources: a021a0e944ba5f7991259829d973afdbfa719c0b
  RxRealm: c80d17d42fc362f4d8af4ac62de360b014be5c3f
  RxSwift: 46574f70d416b7923c237195939cc488a7fbf3a0
  SwiftyJSON: c2842d878f95482ffceec5709abc3d05680c0220

PODFILE CHECKSUM: 4c3905abfbec0fee0e2dde1c69ebdc92e29df323

COCOAPODS: 1.2.0
